
Microsoft Visual Studio Solution File, Format Version 12.00
# Visual Studio 2013
VisualStudioVersion = 12.0.21005.1
MinimumVisualStudioVersion = 10.0.40219.1
Project("{8BC9CEB8-8B4A-11D0-8D11-00A0C91BC942}") = "Practica1", "Practica1\Practica1.vcxproj", "{76DA30B6-95F8-4CAF-9939-4A11892106FC}"
EndProject
Global
	GlobalSection(SolutionConfigurationPlatforms) = preSolution
		Debug|Win32 = Debug|Win32
		Release|Win32 = Release|Win32
	EndGlobalSection
	GlobalSection(ProjectConfigurationPlatforms) = postSolution
		{76DA30B6-95F8-4CAF-9939-4A11892106FC}.Debug|Win32.ActiveCfg = Debug|Win32
		{76DA30B6-95F8-4CAF-9939-4A11892106FC}.Debug|Win32.Build.0 = Debug|Win32
		{76DA30B6-95F8-4CAF-9939-4A11892106FC}.Release|Win32.ActiveCfg = Release|Win32
		{76DA30B6-95F8-4CAF-9939-4A11892106FC}.Release|Win32.Build.0 = Release|Win32
	EndGlobalSection
	GlobalSection(SolutionProperties) = preSolution
		HideSolutionNode = FALSE
	EndGlobalSection
EndGlobal
